
Microsoft Visual Studio Solution File, Format Version 12.00
# Visual Studio 14
VisualStudioVersion = 14.0.25420.1
MinimumVisualStudioVersion = 10.0.40219.1
Project("{FAE04EC0-301F-11D3-BF4B-00C04F79EFBC}") = "HelloXamarin", "HelloXamarin\HelloXamarin\HelloXamarin.csproj", "{12F042FD-B09B-49C8-923E-457B9F7CBE82}"
EndProject
Project("{FAE04EC0-301F-11D3-BF4B-00C04F79EFBC}") = "HelloXamarin.Droid", "HelloXamarin\HelloXamarin.Droid\HelloXamarin.Droid.csproj", "{21244E6F-2050-43E9-8139-6297D4728BD1}"
EndProject
Project("{FAE04EC0-301F-11D3-BF4B-00C04F79EFBC}") = "HelloXamarin.iOS", "HelloXamarin\HelloXamarin.iOS\HelloXamarin.iOS.csproj", "{7F68BFAF-047A-4A67-9D38-3DCEBC202631}"
EndProject
Project("{FAE04EC0-301F-11D3-BF4B-00C04F79EFBC}") = "HelloXamarin.WinPhone", "HelloXamarin\HelloXamarin.WinPhone\HelloXamarin.WinPhone.csproj", "{99545C5D-F51B-46AF-9F27-EC4056B7C457}"
EndProject
Project("{FAE04EC0-301F-11D3-BF4B-00C04F79EFBC}") = "HelloXamarin.Windows", "HelloXamarin\HelloXamarin.Windows\HelloXamarin.Windows.csproj", "{D701CFD1-D6DE-45FA-9BBF-18A040AAD53C}"
EndProject
Project("{FAE04EC0-301F-11D3-BF4B-00C04F79EFBC}") = "HelloXamarin.Tests", "HelloXamarin\HelloXamarin.Tests\HelloXamarin.Tests.csproj", "{ADC024C7-1669-442D-8D8D-75278B1F0B5E}"
EndProject
Global
	GlobalSection(SolutionConfigurationPlatforms) = preSolution
		Ad-Hoc|Any CPU = Ad-Hoc|Any CPU
		Ad-Hoc|ARM = Ad-Hoc|ARM
		Ad-Hoc|iPhone = Ad-Hoc|iPhone
		Ad-Hoc|iPhoneSimulator = Ad-Hoc|iPhoneSimulator
		Ad-Hoc|x64 = Ad-Hoc|x64
		Ad-Hoc|x86 = Ad-Hoc|x86
		AppStore|Any CPU = AppStore|Any CPU
		AppStore|ARM = AppStore|ARM
		AppStore|iPhone = AppStore|iPhone
		AppStore|iPhoneSimulator = AppStore|iPhoneSimulator
		AppStore|x64 = AppStore|x64
		AppStore|x86 = AppStore|x86
		Debug|Any CPU = Debug|Any CPU
		Debug|ARM = Debug|ARM
		Debug|iPhone = Debug|iPhone
		Debug|iPhoneSimulator = Debug|iPhoneSimulator
		Debug|x64 = Debug|x64
		Debug|x86 = Debug|x86
		Release|Any CPU = Release|Any CPU
		Release|ARM = Release|ARM
		Release|iPhone = Release|iPhone
		Release|iPhoneSimulator = Release|iPhoneSimulator
		Release|x64 = Release|x64
		Release|x86 = Release|x86
	EndGlobalSection
	GlobalSection(ProjectConfigurationPlatforms) = postSolution
		{12F042FD-B09B-49C8-923E-457B9F7CBE82}.Ad-Hoc|Any CPU.ActiveCfg = Release|Any CPU
		{12F042FD-B09B-49C8-923E-457B9F7CBE82}.Ad-Hoc|Any CPU.Build.0 = Release|Any CPU
		{12F042FD-B09B-49C8-923E-457B9F7CBE82}.Ad-Hoc|ARM.ActiveCfg = Release|Any CPU
		{12F042FD-B09B-49C8-923E-457B9F7CBE82}.Ad-Hoc|ARM.Build.0 = Release|Any CPU
		{12F042FD-B09B-49C8-923E-457B9F7CBE82}.Ad-Hoc|iPhone.ActiveCfg = Release|Any CPU
		{12F042FD-B09B-49C8-923E-457B9F7CBE82}.Ad-Hoc|iPhone.Build.0 = Release|Any CPU
		{12F042FD-B09B-49C8-923E-457B9F7CBE82}.Ad-Hoc|iPhoneSimulator.ActiveCfg = Release|Any CPU
		{12F042FD-B09B-49C8-923E-457B9F7CBE82}.Ad-Hoc|iPhoneSimulator.Build.0 = Release|Any CPU
		{12F042FD-B09B-49C8-923E-457B9F7CBE82}.Ad-Hoc|x64.ActiveCfg = Release|Any CPU
		{12F042FD-B09B-49C8-923E-457B9F7CBE82}.Ad-Hoc|x64.Build.0 = Release|Any CPU
		{12F042FD-B09B-49C8-923E-457B9F7CBE82}.Ad-Hoc|x86.ActiveCfg = Release|Any CPU
		{12F042FD-B09B-49C8-923E-457B9F7CBE82}.Ad-Hoc|x86.Build.0 = Release|Any CPU
		{12F042FD-B09B-49C8-923E-457B9F7CBE82}.AppStore|Any CPU.ActiveCfg = Release|Any CPU
		{12F042FD-B09B-49C8-923E-457B9F7CBE82}.AppStore|Any CPU.Build.0 = Release|Any CPU
		{12F042FD-B09B-49C8-923E-457B9F7CBE82}.AppStore|ARM.ActiveCfg = Release|Any CPU
		{12F042FD-B09B-49C8-923E-457B9F7CBE82}.AppStore|ARM.Build.0 = Release|Any CPU
		{12F042FD-B09B-49C8-923E-457B9F7CBE82}.AppStore|iPhone.ActiveCfg = Release|Any CPU
		{12F042FD-B09B-49C8-923E-457B9F7CBE82}.AppStore|iPhone.Build.0 = Release|Any CPU
		{12F042FD-B09B-49C8-923E-457B9F7CBE82}.AppStore|iPhoneSimulator.ActiveCfg = Release|Any CPU
		{12F042FD-B09B-49C8-923E-457B9F7CBE82}.AppStore|iPhoneSimulator.Build.0 = Release|Any CPU
		{12F042FD-B09B-49C8-923E-457B9F7CBE82}.AppStore|x64.ActiveCfg = Release|Any CPU
		{12F042FD-B09B-49C8-923E-457B9F7CBE82}.AppStore|x64.Build.0 = Release|Any CPU
		{12F042FD-B09B-49C8-923E-457B9F7CBE82}.AppStore|x86.ActiveCfg = Release|Any CPU
		{12F042FD-B09B-49C8-923E-457B9F7CBE82}.AppStore|x86.Build.0 = Release|Any CPU
		{12F042FD-B09B-49C8-923E-457B9F7CBE82}.Debug|Any CPU.ActiveCfg = Debug|Any CPU
		{12F042FD-B09B-49C8-923E-457B9F7CBE82}.Debug|Any CPU.Build.0 = Debug|Any CPU
		{12F042FD-B09B-49C8-923E-457B9F7CBE82}.Debug|ARM.ActiveCfg = Debug|Any CPU
		{12F042FD-B09B-49C8-923E-457B9F7CBE82}.Debug|ARM.Build.0 = Debug|Any CPU
		{12F042FD-B09B-49C8-923E-457B9F7CBE82}.Debug|iPhone.ActiveCfg = Debug|Any CPU
		{12F042FD-B09B-49C8-923E-457B9F7CBE82}.Debug|iPhone.Build.0 = Debug|Any CPU
		{12F042FD-B09B-49C8-923E-457B9F7CBE82}.Debug|iPhoneSimulator.ActiveCfg = Debug|Any CPU
		{12F042FD-B09B-49C8-923E-457B9F7CBE82}.Debug|iPhoneSimulator.Build.0 = Debug|Any CPU
		{12F042FD-B09B-49C8-923E-457B9F7CBE82}.Debug|x64.ActiveCfg = Debug|Any CPU
		{12F042FD-B09B-49C8-923E-457B9F7CBE82}.Debug|x64.Build.0 = Debug|Any CPU
		{12F042FD-B09B-49C8-923E-457B9F7CBE82}.Debug|x86.ActiveCfg = Debug|Any CPU
		{12F042FD-B09B-49C8-923E-457B9F7CBE82}.Debug|x86.Build.0 = Debug|Any CPU
		{12F042FD-B09B-49C8-923E-457B9F7CBE82}.Release|Any CPU.ActiveCfg = Release|Any CPU
		{12F042FD-B09B-49C8-923E-457B9F7CBE82}.Release|Any CPU.Build.0 = Release|Any CPU
		{12F042FD-B09B-49C8-923E-457B9F7CBE82}.Release|ARM.ActiveCfg = Release|Any CPU
		{12F042FD-B09B-49C8-923E-457B9F7CBE82}.Release|ARM.Build.0 = Release|Any CPU
		{12F042FD-B09B-49C8-923E-457B9F7CBE82}.Release|iPhone.ActiveCfg = Release|Any CPU
		{12F042FD-B09B-49C8-923E-457B9F7CBE82}.Release|iPhone.Build.0 = Release|Any CPU
		{12F042FD-B09B-49C8-923E-457B9F7CBE82}.Release|iPhoneSimulator.ActiveCfg = Release|Any CPU
		{12F042FD-B09B-49C8-923E-457B9F7CBE82}.Release|iPhoneSimulator.Build.0 = Release|Any CPU
		{12F042FD-B09B-49C8-923E-457B9F7CBE82}.Release|x64.ActiveCfg = Release|Any CPU
		{12F042FD-B09B-49C8-923E-457B9F7CBE82}.Release|x64.Build.0 = Release|Any CPU
		{12F042FD-B09B-49C8-923E-457B9F7CBE82}.Release|x86.ActiveCfg = Release|Any CPU
		{12F042FD-B09B-49C8-923E-457B9F7CBE82}.Release|x86.Build.0 = Release|Any CPU
		{21244E6F-2050-43E9-8139-6297D4728BD1}.Ad-Hoc|Any CPU.ActiveCfg = Release|Any CPU
		{21244E6F-2050-43E9-8139-6297D4728BD1}.Ad-Hoc|Any CPU.Build.0 = Release|Any CPU
		{21244E6F-2050-43E9-8139-6297D4728BD1}.Ad-Hoc|Any CPU.Deploy.0 = Release|Any CPU
		{21244E6F-2050-43E9-8139-6297D4728BD1}.Ad-Hoc|ARM.ActiveCfg = Release|Any CPU
		{21244E6F-2050-43E9-8139-6297D4728BD1}.Ad-Hoc|ARM.Build.0 = Release|Any CPU
		{21244E6F-2050-43E9-8139-6297D4728BD1}.Ad-Hoc|ARM.Deploy.0 = Release|Any CPU
		{21244E6F-2050-43E9-8139-6297D4728BD1}.Ad-Hoc|iPhone.ActiveCfg = Release|Any CPU
		{21244E6F-2050-43E9-8139-6297D4728BD1}.Ad-Hoc|iPhone.Build.0 = Release|Any CPU
		{21244E6F-2050-43E9-8139-6297D4728BD1}.Ad-Hoc|iPhone.Deploy.0 = Release|Any CPU
		{21244E6F-2050-43E9-8139-6297D4728BD1}.Ad-Hoc|iPhoneSimulator.ActiveCfg = Release|Any CPU
		{21244E6F-2050-43E9-8139-6297D4728BD1}.Ad-Hoc|iPhoneSimulator.Build.0 = Release|Any CPU
		{21244E6F-2050-43E9-8139-6297D4728BD1}.Ad-Hoc|iPhoneSimulator.Deploy.0 = Release|Any CPU
		{21244E6F-2050-43E9-8139-6297D4728BD1}.Ad-Hoc|x64.ActiveCfg = Release|Any CPU
		{21244E6F-2050-43E9-8139-6297D4728BD1}.Ad-Hoc|x64.Build.0 = Release|Any CPU
		{21244E6F-2050-43E9-8139-6297D4728BD1}.Ad-Hoc|x64.Deploy.0 = Release|Any CPU
		{21244E6F-2050-43E9-8139-6297D4728BD1}.Ad-Hoc|x86.ActiveCfg = Release|Any CPU
		{21244E6F-2050-43E9-8139-6297D4728BD1}.Ad-Hoc|x86.Build.0 = Release|Any CPU
		{21244E6F-2050-43E9-8139-6297D4728BD1}.Ad-Hoc|x86.Deploy.0 = Release|Any CPU
		{21244E6F-2050-43E9-8139-6297D4728BD1}.AppStore|Any CPU.ActiveCfg = Release|Any CPU
		{21244E6F-2050-43E9-8139-6297D4728BD1}.AppStore|Any CPU.Build.0 = Release|Any CPU
		{21244E6F-2050-43E9-8139-6297D4728BD1}.AppStore|Any CPU.Deploy.0 = Release|Any CPU
		{21244E6F-2050-43E9-8139-6297D4728BD1}.AppStore|ARM.ActiveCfg = Release|Any CPU
		{21244E6F-2050-43E9-8139-6297D4728BD1}.AppStore|ARM.Build.0 = Release|Any CPU
		{21244E6F-2050-43E9-8139-6297D4728BD1}.AppStore|ARM.Deploy.0 = Release|Any CPU
		{21244E6F-2050-43E9-8139-6297D4728BD1}.AppStore|iPhone.ActiveCfg = Release|Any CPU
		{21244E6F-2050-43E9-8139-6297D4728BD1}.AppStore|iPhone.Build.0 = Release|Any CPU
		{21244E6F-2050-43E9-8139-6297D4728BD1}.AppStore|iPhone.Deploy.0 = Release|Any CPU
		{21244E6F-2050-43E9-8139-6297D4728BD1}.AppStore|iPhoneSimulator.ActiveCfg = Release|Any CPU
		{21244E6F-2050-43E9-8139-6297D4728BD1}.AppStore|iPhoneSimulator.Build.0 = Release|Any CPU
		{21244E6F-2050-43E9-8139-6297D4728BD1}.AppStore|iPhoneSimulator.Deploy.0 = Release|Any CPU
		{21244E6F-2050-43E9-8139-6297D4728BD1}.AppStore|x64.ActiveCfg = Release|Any CPU
		{21244E6F-2050-43E9-8139-6297D4728BD1}.AppStore|x64.Build.0 = Release|Any CPU
		{21244E6F-2050-43E9-8139-6297D4728BD1}.AppStore|x64.Deploy.0 = Release|Any CPU
		{21244E6F-2050-43E9-8139-6297D4728BD1}.AppStore|x86.ActiveCfg = Release|Any CPU
		{21244E6F-2050-43E9-8139-6297D4728BD1}.AppStore|x86.Build.0 = Release|Any CPU
		{21244E6F-2050-43E9-8139-6297D4728BD1}.AppStore|x86.Deploy.0 = Release|Any CPU
		{21244E6F-2050-43E9-8139-6297D4728BD1}.Debug|Any CPU.ActiveCfg = Debug|Any CPU
		{21244E6F-2050-43E9-8139-6297D4728BD1}.Debug|Any CPU.Build.0 = Debug|Any CPU
		{21244E6F-2050-43E9-8139-6297D4728BD1}.Debug|Any CPU.Deploy.0 = Debug|Any CPU
		{21244E6F-2050-43E9-8139-6297D4728BD1}.Debug|ARM.ActiveCfg = Debug|Any CPU
		{21244E6F-2050-43E9-8139-6297D4728BD1}.Debug|ARM.Build.0 = Debug|Any CPU
		{21244E6F-2050-43E9-8139-6297D4728BD1}.Debug|ARM.Deploy.0 = Debug|Any CPU
		{21244E6F-2050-43E9-8139-6297D4728BD1}.Debug|iPhone.ActiveCfg = Debug|Any CPU
		{21244E6F-2050-43E9-8139-6297D4728BD1}.Debug|iPhone.Build.0 = Debug|Any CPU
		{21244E6F-2050-43E9-8139-6297D4728BD1}.Debug|iPhone.Deploy.0 = Debug|Any CPU
		{21244E6F-2050-43E9-8139-6297D4728BD1}.Debug|iPhoneSimulator.ActiveCfg = Debug|Any CPU
		{21244E6F-2050-43E9-8139-6297D4728BD1}.Debug|iPhoneSimulator.Build.0 = Debug|Any CPU
		{21244E6F-2050-43E9-8139-6297D4728BD1}.Debug|iPhoneSimulator.Deploy.0 = Debug|Any CPU
		{21244E6F-2050-43E9-8139-6297D4728BD1}.Debug|x64.ActiveCfg = Debug|Any CPU
		{21244E6F-2050-43E9-8139-6297D4728BD1}.Debug|x64.Build.0 = Debug|Any CPU
		{21244E6F-2050-43E9-8139-6297D4728BD1}.Debug|x64.Deploy.0 = Debug|Any CPU
		{21244E6F-2050-43E9-8139-6297D4728BD1}.Debug|x86.ActiveCfg = Debug|Any CPU
		{21244E6F-2050-43E9-8139-6297D4728BD1}.Debug|x86.Build.0 = Debug|Any CPU
		{21244E6F-2050-43E9-8139-6297D4728BD1}.Debug|x86.Deploy.0 = Debug|Any CPU
		{21244E6F-2050-43E9-8139-6297D4728BD1}.Release|Any CPU.ActiveCfg = Release|Any CPU
		{21244E6F-2050-43E9-8139-6297D4728BD1}.Release|Any CPU.Build.0 = Release|Any CPU
		{21244E6F-2050-43E9-8139-6297D4728BD1}.Release|Any CPU.Deploy.0 = Release|Any CPU
		{21244E6F-2050-43E9-8139-6297D4728BD1}.Release|ARM.ActiveCfg = Release|Any CPU
		{21244E6F-2050-43E9-8139-6297D4728BD1}.Release|ARM.Build.0 = Release|Any CPU
		{21244E6F-2050-43E9-8139-6297D4728BD1}.Release|ARM.Deploy.0 = Release|Any CPU
		{21244E6F-2050-43E9-8139-6297D4728BD1}.Release|iPhone.ActiveCfg = Release|Any CPU
		{21244E6F-2050-43E9-8139-6297D4728BD1}.Release|iPhone.Build.0 = Release|Any CPU
		{21244E6F-2050-43E9-8139-6297D4728BD1}.Release|iPhone.Deploy.0 = Release|Any CPU
		{21244E6F-2050-43E9-8139-6297D4728BD1}.Release|iPhoneSimulator.ActiveCfg = Release|Any CPU
		{21244E6F-2050-43E9-8139-6297D4728BD1}.Release|iPhoneSimulator.Build.0 = Release|Any CPU
		{21244E6F-2050-43E9-8139-6297D4728BD1}.Release|iPhoneSimulator.Deploy.0 = Release|Any CPU
		{21244E6F-2050-43E9-8139-6297D4728BD1}.Release|x64.ActiveCfg = Release|Any CPU
		{21244E6F-2050-43E9-8139-6297D4728BD1}.Release|x64.Build.0 = Release|Any CPU
		{21244E6F-2050-43E9-8139-6297D4728BD1}.Release|x64.Deploy.0 = Release|Any CPU
		{21244E6F-2050-43E9-8139-6297D4728BD1}.Release|x86.ActiveCfg = Release|Any CPU
		{21244E6F-2050-43E9-8139-6297D4728BD1}.Release|x86.Build.0 = Release|Any CPU
		{21244E6F-2050-43E9-8139-6297D4728BD1}.Release|x86.Deploy.0 = Release|Any CPU
		{7F68BFAF-047A-4A67-9D38-3DCEBC202631}.Ad-Hoc|Any CPU.ActiveCfg = Ad-Hoc|iPhone
		{7F68BFAF-047A-4A67-9D38-3DCEBC202631}.Ad-Hoc|ARM.ActiveCfg = Ad-Hoc|iPhone
		{7F68BFAF-047A-4A67-9D38-3DCEBC202631}.Ad-Hoc|iPhone.ActiveCfg = Ad-Hoc|iPhone
		{7F68BFAF-047A-4A67-9D38-3DCEBC202631}.Ad-Hoc|iPhone.Build.0 = Ad-Hoc|iPhone
		{7F68BFAF-047A-4A67-9D38-3DCEBC202631}.Ad-Hoc|iPhoneSimulator.ActiveCfg = Ad-Hoc|iPhoneSimulator
		{7F68BFAF-047A-4A67-9D38-3DCEBC202631}.Ad-Hoc|iPhoneSimulator.Build.0 = Ad-Hoc|iPhoneSimulator
		{7F68BFAF-047A-4A67-9D38-3DCEBC202631}.Ad-Hoc|x64.ActiveCfg = Ad-Hoc|iPhone
		{7F68BFAF-047A-4A67-9D38-3DCEBC202631}.Ad-Hoc|x86.ActiveCfg = Ad-Hoc|iPhone
		{7F68BFAF-047A-4A67-9D38-3DCEBC202631}.AppStore|Any CPU.ActiveCfg = AppStore|iPhone
		{7F68BFAF-047A-4A67-9D38-3DCEBC202631}.AppStore|ARM.ActiveCfg = AppStore|iPhone
		{7F68BFAF-047A-4A67-9D38-3DCEBC202631}.AppStore|iPhone.ActiveCfg = AppStore|iPhone
		{7F68BFAF-047A-4A67-9D38-3DCEBC202631}.AppStore|iPhone.Build.0 = AppStore|iPhone
		{7F68BFAF-047A-4A67-9D38-3DCEBC202631}.AppStore|iPhoneSimulator.ActiveCfg = AppStore|iPhoneSimulator
		{7F68BFAF-047A-4A67-9D38-3DCEBC202631}.AppStore|iPhoneSimulator.Build.0 = AppStore|iPhoneSimulator
		{7F68BFAF-047A-4A67-9D38-3DCEBC202631}.AppStore|x64.ActiveCfg = AppStore|iPhone
		{7F68BFAF-047A-4A67-9D38-3DCEBC202631}.AppStore|x86.ActiveCfg = AppStore|iPhone
		{7F68BFAF-047A-4A67-9D38-3DCEBC202631}.Debug|Any CPU.ActiveCfg = Debug|iPhone
		{7F68BFAF-047A-4A67-9D38-3DCEBC202631}.Debug|ARM.ActiveCfg = Debug|iPhone
		{7F68BFAF-047A-4A67-9D38-3DCEBC202631}.Debug|iPhone.ActiveCfg = Debug|iPhone
		{7F68BFAF-047A-4A67-9D38-3DCEBC202631}.Debug|iPhone.Build.0 = Debug|iPhone
		{7F68BFAF-047A-4A67-9D38-3DCEBC202631}.Debug|iPhoneSimulator.ActiveCfg = Debug|iPhoneSimulator
		{7F68BFAF-047A-4A67-9D38-3DCEBC202631}.Debug|iPhoneSimulator.Build.0 = Debug|iPhoneSimulator
		{7F68BFAF-047A-4A67-9D38-3DCEBC202631}.Debug|x64.ActiveCfg = Debug|iPhone
		{7F68BFAF-047A-4A67-9D38-3DCEBC202631}.Debug|x86.ActiveCfg = Debug|iPhone
		{7F68BFAF-047A-4A67-9D38-3DCEBC202631}.Release|Any CPU.ActiveCfg = Release|iPhone
		{7F68BFAF-047A-4A67-9D38-3DCEBC202631}.Release|ARM.ActiveCfg = Release|iPhone
		{7F68BFAF-047A-4A67-9D38-3DCEBC202631}.Release|iPhone.ActiveCfg = Release|iPhone
		{7F68BFAF-047A-4A67-9D38-3DCEBC202631}.Release|iPhone.Build.0 = Release|iPhone
		{7F68BFAF-047A-4A67-9D38-3DCEBC202631}.Release|iPhoneSimulator.ActiveCfg = Release|iPhoneSimulator
		{7F68BFAF-047A-4A67-9D38-3DCEBC202631}.Release|iPhoneSimulator.Build.0 = Release|iPhoneSimulator
		{7F68BFAF-047A-4A67-9D38-3DCEBC202631}.Release|x64.ActiveCfg = Release|iPhone
		{7F68BFAF-047A-4A67-9D38-3DCEBC202631}.Release|x86.ActiveCfg = Release|iPhone
		{99545C5D-F51B-46AF-9F27-EC4056B7C457}.Ad-Hoc|Any CPU.ActiveCfg = Release|Any CPU
		{99545C5D-F51B-46AF-9F27-EC4056B7C457}.Ad-Hoc|Any CPU.Build.0 = Release|Any CPU
		{99545C5D-F51B-46AF-9F27-EC4056B7C457}.Ad-Hoc|Any CPU.Deploy.0 = Release|Any CPU
		{99545C5D-F51B-46AF-9F27-EC4056B7C457}.Ad-Hoc|ARM.ActiveCfg = Release|ARM
		{99545C5D-F51B-46AF-9F27-EC4056B7C457}.Ad-Hoc|ARM.Build.0 = Release|ARM
		{99545C5D-F51B-46AF-9F27-EC4056B7C457}.Ad-Hoc|ARM.Deploy.0 = Release|ARM
		{99545C5D-F51B-46AF-9F27-EC4056B7C457}.Ad-Hoc|iPhone.ActiveCfg = Release|Any CPU
		{99545C5D-F51B-46AF-9F27-EC4056B7C457}.Ad-Hoc|iPhone.Build.0 = Release|Any CPU
		{99545C5D-F51B-46AF-9F27-EC4056B7C457}.Ad-Hoc|iPhone.Deploy.0 = Release|Any CPU
		{99545C5D-F51B-46AF-9F27-EC4056B7C457}.Ad-Hoc|iPhoneSimulator.ActiveCfg = Release|Any CPU
		{99545C5D-F51B-46AF-9F27-EC4056B7C457}.Ad-Hoc|iPhoneSimulator.Build.0 = Release|Any CPU
		{99545C5D-F51B-46AF-9F27-EC4056B7C457}.Ad-Hoc|iPhoneSimulator.Deploy.0 = Release|Any CPU
		{99545C5D-F51B-46AF-9F27-EC4056B7C457}.Ad-Hoc|x64.ActiveCfg = Release|Any CPU
		{99545C5D-F51B-46AF-9F27-EC4056B7C457}.Ad-Hoc|x64.Build.0 = Release|Any CPU
		{99545C5D-F51B-46AF-9F27-EC4056B7C457}.Ad-Hoc|x64.Deploy.0 = Release|Any CPU
		{99545C5D-F51B-46AF-9F27-EC4056B7C457}.Ad-Hoc|x86.ActiveCfg = Release|x86
		{99545C5D-F51B-46AF-9F27-EC4056B7C457}.Ad-Hoc|x86.Build.0 = Release|x86
		{99545C5D-F51B-46AF-9F27-EC4056B7C457}.Ad-Hoc|x86.Deploy.0 = Release|x86
		{99545C5D-F51B-46AF-9F27-EC4056B7C457}.AppStore|Any CPU.ActiveCfg = Release|Any CPU
		{99545C5D-F51B-46AF-9F27-EC4056B7C457}.AppStore|Any CPU.Build.0 = Release|Any CPU
		{99545C5D-F51B-46AF-9F27-EC4056B7C457}.AppStore|Any CPU.Deploy.0 = Release|Any CPU
		{99545C5D-F51B-46AF-9F27-EC4056B7C457}.AppStore|ARM.ActiveCfg = Release|ARM
		{99545C5D-F51B-46AF-9F27-EC4056B7C457}.AppStore|ARM.Build.0 = Release|ARM
		{99545C5D-F51B-46AF-9F27-EC4056B7C457}.AppStore|ARM.Deploy.0 = Release|ARM
		{99545C5D-F51B-46AF-9F27-EC4056B7C457}.AppStore|iPhone.ActiveCfg = Release|Any CPU
		{99545C5D-F51B-46AF-9F27-EC4056B7C457}.AppStore|iPhone.Build.0 = Release|Any CPU
		{99545C5D-F51B-46AF-9F27-EC4056B7C457}.AppStore|iPhone.Deploy.0 = Release|Any CPU
		{99545C5D-F51B-46AF-9F27-EC4056B7C457}.AppStore|iPhoneSimulator.ActiveCfg = Release|Any CPU
		{99545C5D-F51B-46AF-9F27-EC4056B7C457}.AppStore|iPhoneSimulator.Build.0 = Release|Any CPU
		{99545C5D-F51B-46AF-9F27-EC4056B7C457}.AppStore|iPhoneSimulator.Deploy.0 = Release|Any CPU
		{99545C5D-F51B-46AF-9F27-EC4056B7C457}.AppStore|x64.ActiveCfg = Release|Any CPU
		{99545C5D-F51B-46AF-9F27-EC4056B7C457}.AppStore|x64.Build.0 = Release|Any CPU
		{99545C5D-F51B-46AF-9F27-EC4056B7C457}.AppStore|x64.Deploy.0 = Release|Any CPU
		{99545C5D-F51B-46AF-9F27-EC4056B7C457}.AppStore|x86.ActiveCfg = Release|x86
		{99545C5D-F51B-46AF-9F27-EC4056B7C457}.AppStore|x86.Build.0 = Release|x86
		{99545C5D-F51B-46AF-9F27-EC4056B7C457}.AppStore|x86.Deploy.0 = Release|x86
		{99545C5D-F51B-46AF-9F27-EC4056B7C457}.Debug|Any CPU.ActiveCfg = Debug|Any CPU
		{99545C5D-F51B-46AF-9F27-EC4056B7C457}.Debug|Any CPU.Build.0 = Debug|Any CPU
		{99545C5D-F51B-46AF-9F27-EC4056B7C457}.Debug|Any CPU.Deploy.0 = Debug|Any CPU
		{99545C5D-F51B-46AF-9F27-EC4056B7C457}.Debug|ARM.ActiveCfg = Debug|ARM
		{99545C5D-F51B-46AF-9F27-EC4056B7C457}.Debug|ARM.Build.0 = Debug|ARM
		{99545C5D-F51B-46AF-9F27-EC4056B7C457}.Debug|ARM.Deploy.0 = Debug|ARM
		{99545C5D-F51B-46AF-9F27-EC4056B7C457}.Debug|iPhone.ActiveCfg = Debug|Any CPU
		{99545C5D-F51B-46AF-9F27-EC4056B7C457}.Debug|iPhone.Build.0 = Debug|Any CPU
		{99545C5D-F51B-46AF-9F27-EC4056B7C457}.Debug|iPhone.Deploy.0 = Debug|Any CPU
		{99545C5D-F51B-46AF-9F27-EC4056B7C457}.Debug|iPhoneSimulator.ActiveCfg = Debug|Any CPU
		{99545C5D-F51B-46AF-9F27-EC4056B7C457}.Debug|iPhoneSimulator.Build.0 = Debug|Any CPU
		{99545C5D-F51B-46AF-9F27-EC4056B7C457}.Debug|iPhoneSimulator.Deploy.0 = Debug|Any CPU
		{99545C5D-F51B-46AF-9F27-EC4056B7C457}.Debug|x64.ActiveCfg = Debug|Any CPU
		{99545C5D-F51B-46AF-9F27-EC4056B7C457}.Debug|x64.Build.0 = Debug|Any CPU
		{99545C5D-F51B-46AF-9F27-EC4056B7C457}.Debug|x64.Deploy.0 = Debug|Any CPU
		{99545C5D-F51B-46AF-9F27-EC4056B7C457}.Debug|x86.ActiveCfg = Debug|x86
		{99545C5D-F51B-46AF-9F27-EC4056B7C457}.Debug|x86.Build.0 = Debug|x86
		{99545C5D-F51B-46AF-9F27-EC4056B7C457}.Debug|x86.Deploy.0 = Debug|x86
		{99545C5D-F51B-46AF-9F27-EC4056B7C457}.Release|Any CPU.ActiveCfg = Release|Any CPU
		{99545C5D-F51B-46AF-9F27-EC4056B7C457}.Release|Any CPU.Build.0 = Release|Any CPU
		{99545C5D-F51B-46AF-9F27-EC4056B7C457}.Release|Any CPU.Deploy.0 = Release|Any CPU
		{99545C5D-F51B-46AF-9F27-EC4056B7C457}.Release|ARM.ActiveCfg = Release|ARM
		{99545C5D-F51B-46AF-9F27-EC4056B7C457}.Release|ARM.Build.0 = Release|ARM
		{99545C5D-F51B-46AF-9F27-EC4056B7C457}.Release|ARM.Deploy.0 = Release|ARM
		{99545C5D-F51B-46AF-9F27-EC4056B7C457}.Release|iPhone.ActiveCfg = Release|Any CPU
		{99545C5D-F51B-46AF-9F27-EC4056B7C457}.Release|iPhone.Build.0 = Release|Any CPU
		{99545C5D-F51B-46AF-9F27-EC4056B7C457}.Release|iPhone.Deploy.0 = Release|Any CPU
		{99545C5D-F51B-46AF-9F27-EC4056B7C457}.Release|iPhoneSimulator.ActiveCfg = Release|Any CPU
		{99545C5D-F51B-46AF-9F27-EC4056B7C457}.Release|iPhoneSimulator.Build.0 = Release|Any CPU
		{99545C5D-F51B-46AF-9F27-EC4056B7C457}.Release|iPhoneSimulator.Deploy.0 = Release|Any CPU
		{99545C5D-F51B-46AF-9F27-EC4056B7C457}.Release|x64.ActiveCfg = Release|Any CPU
		{99545C5D-F51B-46AF-9F27-EC4056B7C457}.Release|x64.Build.0 = Release|Any CPU
		{99545C5D-F51B-46AF-9F27-EC4056B7C457}.Release|x64.Deploy.0 = Release|Any CPU
		{99545C5D-F51B-46AF-9F27-EC4056B7C457}.Release|x86.ActiveCfg = Release|x86
		{99545C5D-F51B-46AF-9F27-EC4056B7C457}.Release|x86.Build.0 = Release|x86
		{99545C5D-F51B-46AF-9F27-EC4056B7C457}.Release|x86.Deploy.0 = Release|x86
		{D701CFD1-D6DE-45FA-9BBF-18A040AAD53C}.Ad-Hoc|Any CPU.ActiveCfg = Release|Any CPU
		{D701CFD1-D6DE-45FA-9BBF-18A040AAD53C}.Ad-Hoc|Any CPU.Build.0 = Release|Any CPU
		{D701CFD1-D6DE-45FA-9BBF-18A040AAD53C}.Ad-Hoc|Any CPU.Deploy.0 = Release|Any CPU
		{D701CFD1-D6DE-45FA-9BBF-18A040AAD53C}.Ad-Hoc|ARM.ActiveCfg = Release|ARM
		{D701CFD1-D6DE-45FA-9BBF-18A040AAD53C}.Ad-Hoc|ARM.Build.0 = Release|ARM
		{D701CFD1-D6DE-45FA-9BBF-18A040AAD53C}.Ad-Hoc|ARM.Deploy.0 = Release|ARM
		{D701CFD1-D6DE-45FA-9BBF-18A040AAD53C}.Ad-Hoc|iPhone.ActiveCfg = Release|Any CPU
		{D701CFD1-D6DE-45FA-9BBF-18A040AAD53C}.Ad-Hoc|iPhone.Build.0 = Release|Any CPU
		{D701CFD1-D6DE-45FA-9BBF-18A040AAD53C}.Ad-Hoc|iPhone.Deploy.0 = Release|Any CPU
		{D701CFD1-D6DE-45FA-9BBF-18A040AAD53C}.Ad-Hoc|iPhoneSimulator.ActiveCfg = Release|Any CPU
		{D701CFD1-D6DE-45FA-9BBF-18A040AAD53C}.Ad-Hoc|iPhoneSimulator.Build.0 = Release|Any CPU
		{D701CFD1-D6DE-45FA-9BBF-18A040AAD53C}.Ad-Hoc|iPhoneSimulator.Deploy.0 = Release|Any CPU
		{D701CFD1-D6DE-45FA-9BBF-18A040AAD53C}.Ad-Hoc|x64.ActiveCfg = Release|x64
		{D701CFD1-D6DE-45FA-9BBF-18A040AAD53C}.Ad-Hoc|x64.Build.0 = Release|x64
		{D701CFD1-D6DE-45FA-9BBF-18A040AAD53C}.Ad-Hoc|x64.Deploy.0 = Release|x64
		{D701CFD1-D6DE-45FA-9BBF-18A040AAD53C}.Ad-Hoc|x86.ActiveCfg = Release|x86
		{D701CFD1-D6DE-45FA-9BBF-18A040AAD53C}.Ad-Hoc|x86.Build.0 = Release|x86
		{D701CFD1-D6DE-45FA-9BBF-18A040AAD53C}.Ad-Hoc|x86.Deploy.0 = Release|x86
		{D701CFD1-D6DE-45FA-9BBF-18A040AAD53C}.AppStore|Any CPU.ActiveCfg = Release|Any CPU
		{D701CFD1-D6DE-45FA-9BBF-18A040AAD53C}.AppStore|Any CPU.Build.0 = Release|Any CPU
		{D701CFD1-D6DE-45FA-9BBF-18A040AAD53C}.AppStore|Any CPU.Deploy.0 = Release|Any CPU
		{D701CFD1-D6DE-45FA-9BBF-18A040AAD53C}.AppStore|ARM.ActiveCfg = Release|ARM
		{D701CFD1-D6DE-45FA-9BBF-18A040AAD53C}.AppStore|ARM.Build.0 = Release|ARM
		{D701CFD1-D6DE-45FA-9BBF-18A040AAD53C}.AppStore|ARM.Deploy.0 = Release|ARM
		{D701CFD1-D6DE-45FA-9BBF-18A040AAD53C}.AppStore|iPhone.ActiveCfg = Release|Any CPU
		{D701CFD1-D6DE-45FA-9BBF-18A040AAD53C}.AppStore|iPhone.Build.0 = Release|Any CPU
		{D701CFD1-D6DE-45FA-9BBF-18A040AAD53C}.AppStore|iPhone.Deploy.0 = Release|Any CPU
		{D701CFD1-D6DE-45FA-9BBF-18A040AAD53C}.AppStore|iPhoneSimulator.ActiveCfg = Release|Any CPU
		{D701CFD1-D6DE-45FA-9BBF-18A040AAD53C}.AppStore|iPhoneSimulator.Build.0 = Release|Any CPU
		{D701CFD1-D6DE-45FA-9BBF-18A040AAD53C}.AppStore|iPhoneSimulator.Deploy.0 = Release|Any CPU
		{D701CFD1-D6DE-45FA-9BBF-18A040AAD53C}.AppStore|x64.ActiveCfg = Release|x64
		{D701CFD1-D6DE-45FA-9BBF-18A040AAD53C}.AppStore|x64.Build.0 = Release|x64
		{D701CFD1-D6DE-45FA-9BBF-18A040AAD53C}.AppStore|x64.Deploy.0 = Release|x64
		{D701CFD1-D6DE-45FA-9BBF-18A040AAD53C}.AppStore|x86.ActiveCfg = Release|x86
		{D701CFD1-D6DE-45FA-9BBF-18A040AAD53C}.AppStore|x86.Build.0 = Release|x86
		{D701CFD1-D6DE-45FA-9BBF-18A040AAD53C}.AppStore|x86.Deploy.0 = Release|x86
		{D701CFD1-D6DE-45FA-9BBF-18A040AAD53C}.Debug|Any CPU.ActiveCfg = Debug|Any CPU
		{D701CFD1-D6DE-45FA-9BBF-18A040AAD53C}.Debug|Any CPU.Build.0 = Debug|Any CPU
		{D701CFD1-D6DE-45FA-9BBF-18A040AAD53C}.Debug|Any CPU.Deploy.0 = Debug|Any CPU
		{D701CFD1-D6DE-45FA-9BBF-18A040AAD53C}.Debug|ARM.ActiveCfg = Debug|ARM
		{D701CFD1-D6DE-45FA-9BBF-18A040AAD53C}.Debug|ARM.Build.0 = Debug|ARM
		{D701CFD1-D6DE-45FA-9BBF-18A040AAD53C}.Debug|ARM.Deploy.0 = Debug|ARM
		{D701CFD1-D6DE-45FA-9BBF-18A040AAD53C}.Debug|iPhone.ActiveCfg = Debug|Any CPU
		{D701CFD1-D6DE-45FA-9BBF-18A040AAD53C}.Debug|iPhone.Build.0 = Debug|Any CPU
		{D701CFD1-D6DE-45FA-9BBF-18A040AAD53C}.Debug|iPhone.Deploy.0 = Debug|Any CPU
		{D701CFD1-D6DE-45FA-9BBF-18A040AAD53C}.Debug|iPhoneSimulator.ActiveCfg = Debug|Any CPU
		{D701CFD1-D6DE-45FA-9BBF-18A040AAD53C}.Debug|iPhoneSimulator.Build.0 = Debug|Any CPU
		{D701CFD1-D6DE-45FA-9BBF-18A040AAD53C}.Debug|iPhoneSimulator.Deploy.0 = Debug|Any CPU
		{D701CFD1-D6DE-45FA-9BBF-18A040AAD53C}.Debug|x64.ActiveCfg = Debug|x64
		{D701CFD1-D6DE-45FA-9BBF-18A040AAD53C}.Debug|x64.Build.0 = Debug|x64
		{D701CFD1-D6DE-45FA-9BBF-18A040AAD53C}.Debug|x64.Deploy.0 = Debug|x64
		{D701CFD1-D6DE-45FA-9BBF-18A040AAD53C}.Debug|x86.ActiveCfg = Debug|x86
		{D701CFD1-D6DE-45FA-9BBF-18A040AAD53C}.Debug|x86.Build.0 = Debug|x86
		{D701CFD1-D6DE-45FA-9BBF-18A040AAD53C}.Debug|x86.Deploy.0 = Debug|x86
		{D701CFD1-D6DE-45FA-9BBF-18A040AAD53C}.Release|Any CPU.ActiveCfg = Release|Any CPU
		{D701CFD1-D6DE-45FA-9BBF-18A040AAD53C}.Release|Any CPU.Build.0 = Release|Any CPU
		{D701CFD1-D6DE-45FA-9BBF-18A040AAD53C}.Release|Any CPU.Deploy.0 = Release|Any CPU
		{D701CFD1-D6DE-45FA-9BBF-18A040AAD53C}.Release|ARM.ActiveCfg = Release|ARM
		{D701CFD1-D6DE-45FA-9BBF-18A040AAD53C}.Release|ARM.Build.0 = Release|ARM
		{D701CFD1-D6DE-45FA-9BBF-18A040AAD53C}.Release|ARM.Deploy.0 = Release|ARM
		{D701CFD1-D6DE-45FA-9BBF-18A040AAD53C}.Release|iPhone.ActiveCfg = Release|Any CPU
		{D701CFD1-D6DE-45FA-9BBF-18A040AAD53C}.Release|iPhone.Build.0 = Release|Any CPU
		{D701CFD1-D6DE-45FA-9BBF-18A040AAD53C}.Release|iPhone.Deploy.0 = Release|Any CPU
		{D701CFD1-D6DE-45FA-9BBF-18A040AAD53C}.Release|iPhoneSimulator.ActiveCfg = Release|Any CPU
		{D701CFD1-D6DE-45FA-9BBF-18A040AAD53C}.Release|iPhoneSimulator.Build.0 = Release|Any CPU
		{D701CFD1-D6DE-45FA-9BBF-18A040AAD53C}.Release|iPhoneSimulator.Deploy.0 = Release|Any CPU
		{D701CFD1-D6DE-45FA-9BBF-18A040AAD53C}.Release|x64.ActiveCfg = Release|x64
		{D701CFD1-D6DE-45FA-9BBF-18A040AAD53C}.Release|x64.Build.0 = Release|x64
		{D701CFD1-D6DE-45FA-9BBF-18A040AAD53C}.Release|x64.Deploy.0 = Release|x64
		{D701CFD1-D6DE-45FA-9BBF-18A040AAD53C}.Release|x86.ActiveCfg = Release|x86
		{D701CFD1-D6DE-45FA-9BBF-18A040AAD53C}.Release|x86.Build.0 = Release|x86
		{D701CFD1-D6DE-45FA-9BBF-18A040AAD53C}.Release|x86.Deploy.0 = Release|x86
		{ADC024C7-1669-442D-8D8D-75278B1F0B5E}.Ad-Hoc|Any CPU.ActiveCfg = Release|Any CPU
		{ADC024C7-1669-442D-8D8D-75278B1F0B5E}.Ad-Hoc|Any CPU.Build.0 = Release|Any CPU
		{ADC024C7-1669-442D-8D8D-75278B1F0B5E}.Ad-Hoc|ARM.ActiveCfg = Release|Any CPU
		{ADC024C7-1669-442D-8D8D-75278B1F0B5E}.Ad-Hoc|ARM.Build.0 = Release|Any CPU
		{ADC024C7-1669-442D-8D8D-75278B1F0B5E}.Ad-Hoc|iPhone.ActiveCfg = Release|Any CPU
		{ADC024C7-1669-442D-8D8D-75278B1F0B5E}.Ad-Hoc|iPhone.Build.0 = Release|Any CPU
		{ADC024C7-1669-442D-8D8D-75278B1F0B5E}.Ad-Hoc|iPhoneSimulator.ActiveCfg = Release|Any CPU
		{ADC024C7-1669-442D-8D8D-75278B1F0B5E}.Ad-Hoc|iPhoneSimulator.Build.0 = Release|Any CPU
		{ADC024C7-1669-442D-8D8D-75278B1F0B5E}.Ad-Hoc|x64.ActiveCfg = Release|Any CPU
		{ADC024C7-1669-442D-8D8D-75278B1F0B5E}.Ad-Hoc|x64.Build.0 = Release|Any CPU
		{ADC024C7-1669-442D-8D8D-75278B1F0B5E}.Ad-Hoc|x86.ActiveCfg = Release|Any CPU
		{ADC024C7-1669-442D-8D8D-75278B1F0B5E}.Ad-Hoc|x86.Build.0 = Release|Any CPU
		{ADC024C7-1669-442D-8D8D-75278B1F0B5E}.AppStore|Any CPU.ActiveCfg = Release|Any CPU
		{ADC024C7-1669-442D-8D8D-75278B1F0B5E}.AppStore|Any CPU.Build.0 = Release|Any CPU
		{ADC024C7-1669-442D-8D8D-75278B1F0B5E}.AppStore|ARM.ActiveCfg = Release|Any CPU
		{ADC024C7-1669-442D-8D8D-75278B1F0B5E}.AppStore|ARM.Build.0 = Release|Any CPU
		{ADC024C7-1669-442D-8D8D-75278B1F0B5E}.AppStore|iPhone.ActiveCfg = Release|Any CPU
		{ADC024C7-1669-442D-8D8D-75278B1F0B5E}.AppStore|iPhone.Build.0 = Release|Any CPU
		{ADC024C7-1669-442D-8D8D-75278B1F0B5E}.AppStore|iPhoneSimulator.ActiveCfg = Release|Any CPU
		{ADC024C7-1669-442D-8D8D-75278B1F0B5E}.AppStore|iPhoneSimulator.Build.0 = Release|Any CPU
		{ADC024C7-1669-442D-8D8D-75278B1F0B5E}.AppStore|x64.ActiveCfg = Release|Any CPU
		{ADC024C7-1669-442D-8D8D-75278B1F0B5E}.AppStore|x64.Build.0 = Release|Any CPU
		{ADC024C7-1669-442D-8D8D-75278B1F0B5E}.AppStore|x86.ActiveCfg = Release|Any CPU
		{ADC024C7-1669-442D-8D8D-75278B1F0B5E}.AppStore|x86.Build.0 = Release|Any CPU
		{ADC024C7-1669-442D-8D8D-75278B1F0B5E}.Debug|Any CPU.ActiveCfg = Debug|Any CPU
		{ADC024C7-1669-442D-8D8D-75278B1F0B5E}.Debug|Any CPU.Build.0 = Debug|Any CPU
		{ADC024C7-1669-442D-8D8D-75278B1F0B5E}.Debug|ARM.ActiveCfg = Debug|Any CPU
		{ADC024C7-1669-442D-8D8D-75278B1F0B5E}.Debug|ARM.Build.0 = Debug|Any CPU
		{ADC024C7-1669-442D-8D8D-75278B1F0B5E}.Debug|iPhone.ActiveCfg = Debug|Any CPU
		{ADC024C7-1669-442D-8D8D-75278B1F0B5E}.Debug|iPhone.Build.0 = Debug|Any CPU
		{ADC024C7-1669-442D-8D8D-75278B1F0B5E}.Debug|iPhoneSimulator.ActiveCfg = Debug|Any CPU
		{ADC024C7-1669-442D-8D8D-75278B1F0B5E}.Debug|iPhoneSimulator.Build.0 = Debug|Any CPU
		{ADC024C7-1669-442D-8D8D-75278B1F0B5E}.Debug|x64.ActiveCfg = Debug|Any CPU
		{ADC024C7-1669-442D-8D8D-75278B1F0B5E}.Debug|x64.Build.0 = Debug|Any CPU
		{ADC024C7-1669-442D-8D8D-75278B1F0B5E}.Debug|x86.ActiveCfg = Debug|Any CPU
		{ADC024C7-1669-442D-8D8D-75278B1F0B5E}.Debug|x86.Build.0 = Debug|Any CPU
		{ADC024C7-1669-442D-8D8D-75278B1F0B5E}.Release|Any CPU.ActiveCfg = Release|Any CPU
		{ADC024C7-1669-442D-8D8D-75278B1F0B5E}.Release|Any CPU.Build.0 = Release|Any CPU
		{ADC024C7-1669-442D-8D8D-75278B1F0B5E}.Release|ARM.ActiveCfg = Release|Any CPU
		{ADC024C7-1669-442D-8D8D-75278B1F0B5E}.Release|ARM.Build.0 = Release|Any CPU
		{ADC024C7-1669-442D-8D8D-75278B1F0B5E}.Release|iPhone.ActiveCfg = Release|Any CPU
		{ADC024C7-1669-442D-8D8D-75278B1F0B5E}.Release|iPhone.Build.0 = Release|Any CPU
		{ADC024C7-1669-442D-8D8D-75278B1F0B5E}.Release|iPhoneSimulator.ActiveCfg = Release|Any CPU
		{ADC024C7-1669-442D-8D8D-75278B1F0B5E}.Release|iPhoneSimulator.Build.0 = Release|Any CPU
		{ADC024C7-1669-442D-8D8D-75278B1F0B5E}.Release|x64.ActiveCfg = Release|Any CPU
		{ADC024C7-1669-442D-8D8D-75278B1F0B5E}.Release|x64.Build.0 = Release|Any CPU
		{ADC024C7-1669-442D-8D8D-75278B1F0B5E}.Release|x86.ActiveCfg = Release|Any CPU
		{ADC024C7-1669-442D-8D8D-75278B1F0B5E}.Release|x86.Build.0 = Release|Any CPU
	EndGlobalSection
	GlobalSection(SolutionProperties) = preSolution
		HideSolutionNode = FALSE
	EndGlobalSection
EndGlobal
